// !$*UTF8*$!
{
	archiveVersion = 1;
	classes = {
	};
	objectVersion = 56;
	objects = {

/* Begin PBXBuildFile section */
		613B5A792967028A007A9619 /* LibraSDKFramework.docc in Sources */ = {isa = PBXBuildFile; fileRef = 613B5A782967028A007A9619 /* LibraSDKFramework.docc */; };
		613B5A7F2967028B007A9619 /* LibraSDKFramework.framework in Frameworks */ = {isa = PBXBuildFile; fileRef = 613B5A742967028A007A9619 /* LibraSDKFramework.framework */; };
		613B5A842967028B007A9619 /* LibraSDKFrameworkTests.m in Sources */ = {isa = PBXBuildFile; fileRef = 613B5A832967028B007A9619 /* LibraSDKFrameworkTests.m */; };
		613B5A852967028B007A9619 /* LibraSDKFramework.h in Headers */ = {isa = PBXBuildFile; fileRef = 613B5A772967028A007A9619 /* LibraSDKFramework.h */; settings = {ATTRIBUTES = (Public, ); }; };
		613B5AD629670655007A9619 /* LibraSDKFramework.m in Sources */ = {isa = PBXBuildFile; fileRef = 613B5AD529670655007A9619 /* LibraSDKFramework.m */; };
		C5AEA07DC38089E289FD5690 /* Pods_LibraSDKFramework_LibraSDKFrameworkTests.framework in Frameworks */ = {isa = PBXBuildFile; fileRef = FD078B893B255C2AFCFC6043 /* Pods_LibraSDKFramework_LibraSDKFrameworkTests.framework */; };
		C87FC99CC5B105B6DD7DF842 /* Pods_LibraSDKFramework.framework in Frameworks */ = {isa = PBXBuildFile; fileRef = FCE2D25CDF20F4013157CB7F /* Pods_LibraSDKFramework.framework */; };
/* End PBXBuildFile section */

/* Begin PBXContainerItemProxy section */
		613B5A802967028B007A9619 /* PBXContainerItemProxy */ = {
			isa = PBXContainerItemProxy;
			containerPortal = 613B5A6B2967028A007A9619 /* Project object */;
			proxyType = 1;
			remoteGlobalIDString = 613B5A732967028A007A9619;
			remoteInfo = LibraSDKFramework;
		};
		613B5B702967C86A007A9619 /* PBXContainerItemProxy */ = {
			isa = PBXContainerItemProxy;
			containerPortal = 613B5B6A2967C869007A9619 /* LibraSDKOC.xcodeproj */;
			proxyType = 2;
			remoteGlobalIDString = 613B5B322967C867007A9619;
			remoteInfo = LibraSDKOC;
		};
		613B5B722967C86A007A9619 /* PBXContainerItemProxy */ = {
			isa = PBXContainerItemProxy;
			containerPortal = 613B5B6A2967C869007A9619 /* LibraSDKOC.xcodeproj */;
			proxyType = 2;
			remoteGlobalIDString = 613B5B4D2967C869007A9619;
			remoteInfo = LibraSDKOCTests;
		};
		613B5B742967C86A007A9619 /* PBXContainerItemProxy */ = {
			isa = PBXContainerItemProxy;
			containerPortal = 613B5B6A2967C869007A9619 /* LibraSDKOC.xcodeproj */;
			proxyType = 2;
			remoteGlobalIDString = 613B5B572967C869007A9619;
			remoteInfo = LibraSDKOCUITests;
		};
/* End PBXContainerItemProxy section */

/* Begin PBXFileReference section */
		4033DA6C674AA802094D629C /* Pods-LibraSDKFramework.release.xcconfig */ = {isa = PBXFileReference; includeInIndex = 1; lastKnownFileType = text.xcconfig; name = "Pods-LibraSDKFramework.release.xcconfig"; path = "Target Support Files/Pods-LibraSDKFramework/Pods-LibraSDKFramework.release.xcconfig"; sourceTree = "<group>"; };
		613B5A742967028A007A9619 /* LibraSDKFramework.framework */ = {isa = PBXFileReference; explicitFileType = wrapper.framework; includeInIndex = 0; path = LibraSDKFramework.framework; sourceTree = BUILT_PRODUCTS_DIR; };
		613B5A772967028A007A9619 /* LibraSDKFramework.h */ = {isa = PBXFileReference; lastKnownFileType = sourcecode.c.h; path = LibraSDKFramework.h; sourceTree = "<group>"; };
		613B5A782967028A007A9619 /* LibraSDKFramework.docc */ = {isa = PBXFileReference; lastKnownFileType = folder.documentationcatalog; path = LibraSDKFramework.docc; sourceTree = "<group>"; };
		613B5A7E2967028B007A9619 /* LibraSDKFrameworkTests.xctest */ = {isa = PBXFileReference; explicitFileType = wrapper.cfbundle; includeInIndex = 0; path = LibraSDKFrameworkTests.xctest; sourceTree = BUILT_PRODUCTS_DIR; };
		613B5A832967028B007A9619 /* LibraSDKFrameworkTests.m */ = {isa = PBXFileReference; lastKnownFileType = sourcecode.c.objc; path = LibraSDKFrameworkTests.m; sourceTree = "<group>"; };
		613B5AD12967035A007A9619 /* liblibra_abt_so.dylib */ = {isa = PBXFileReference; lastKnownFileType = "compiled.mach-o.dylib"; name = liblibra_abt_so.dylib; path = "../../../../CLionProjects/libra-abt-sdk-cpp/liblibra_abt_so.dylib"; sourceTree = "<group>"; };
		613B5AD529670655007A9619 /* LibraSDKFramework.m */ = {isa = PBXFileReference; lastKnownFileType = sourcecode.c.objc; path = LibraSDKFramework.m; sourceTree = "<group>"; };
		613B5B6A2967C869007A9619 /* LibraSDKOC.xcodeproj */ = {isa = PBXFileReference; lastKnownFileType = "wrapper.pb-project"; name = LibraSDKOC.xcodeproj; path = ../LibraSDKOC/LibraSDKOC.xcodeproj; sourceTree = "<group>"; };
		7C836902A33CE817A18DB1AA /* Pods-LibraSDKFramework-LibraSDKFrameworkTests.debug.xcconfig */ = {isa = PBXFileReference; includeInIndex = 1; lastKnownFileType = text.xcconfig; name = "Pods-LibraSDKFramework-LibraSDKFrameworkTests.debug.xcconfig"; path = "Target Support Files/Pods-LibraSDKFramework-LibraSDKFrameworkTests/Pods-LibraSDKFramework-LibraSDKFrameworkTests.debug.xcconfig"; sourceTree = "<group>"; };
		82E9D7E1E2F958C9953FACE1 /* Pods-LibraSDKFramework-LibraSDKFrameworkTests.release.xcconfig */ = {isa = PBXFileReference; includeInIndex = 1; lastKnownFileType = text.xcconfig; name = "Pods-LibraSDKFramework-LibraSDKFrameworkTests.release.xcconfig"; path = "Target Support Files/Pods-LibraSDKFramework-LibraSDKFrameworkTests/Pods-LibraSDKFramework-LibraSDKFrameworkTests.release.xcconfig"; sourceTree = "<group>"; };
		C259413AFB4F277A1FC24BF4 /* Pods-LibraSDKFramework.debug.xcconfig */ = {isa = PBXFileReference; includeInIndex = 1; lastKnownFileType = text.xcconfig; name = "Pods-LibraSDKFramework.debug.xcconfig"; path = "Target Support Files/Pods-LibraSDKFramework/Pods-LibraSDKFramework.debug.xcconfig"; sourceTree = "<group>"; };
		FCE2D25CDF20F4013157CB7F /* Pods_LibraSDKFramework.framework */ = {isa = PBXFileReference; explicitFileType = wrapper.framework; includeInIndex = 0; path = Pods_LibraSDKFramework.framework; sourceTree = BUILT_PRODUCTS_DIR; };
		FD078B893B255C2AFCFC6043 /* Pods_LibraSDKFramework_LibraSDKFrameworkTests.framework */ = {isa = PBXFileReference; explicitFileType = wrapper.framework; includeInIndex = 0; path = Pods_LibraSDKFramework_LibraSDKFrameworkTests.framework; sourceTree = BUILT_PRODUCTS_DIR; };
/* End PBXFileReference section */

/* Begin PBXFrameworksBuildPhase section */
		613B5A712967028A007A9619 /* Frameworks */ = {
			isa = PBXFrameworksBuildPhase;
			buildActionMask = 2147483647;
			files = (
				C87FC99CC5B105B6DD7DF842 /* Pods_LibraSDKFramework.framework in Frameworks */,
			);
			runOnlyForDeploymentPostprocessing = 0;
		};
		613B5A7B2967028B007A9619 /* Frameworks */ = {
			isa = PBXFrameworksBuildPhase;
			buildActionMask = 2147483647;
			files = (
				613B5A7F2967028B007A9619 /* LibraSDKFramework.framework in Frameworks */,
				C5AEA07DC38089E289FD5690 /* Pods_LibraSDKFramework_LibraSDKFrameworkTests.framework in Frameworks */,
			);
			runOnlyForDeploymentPostprocessing = 0;
		};
/* End PBXFrameworksBuildPhase section */

/* Begin PBXGroup section */
		422D5BB1AD02464A3E8CBDD0 /* Pods */ = {
			isa = PBXGroup;
			children = (
				C259413AFB4F277A1FC24BF4 /* Pods-LibraSDKFramework.debug.xcconfig */,
				4033DA6C674AA802094D629C /* Pods-LibraSDKFramework.release.xcconfig */,
				7C836902A33CE817A18DB1AA /* Pods-LibraSDKFramework-LibraSDKFrameworkTests.debug.xcconfig */,
				82E9D7E1E2F958C9953FACE1 /* Pods-LibraSDKFramework-LibraSDKFrameworkTests.release.xcconfig */,
			);
			name = Pods;
			path = Pods;
			sourceTree = "<group>";
		};
		613B5A6A2967028A007A9619 = {
			isa = PBXGroup;
			children = (
				613B5B6A2967C869007A9619 /* LibraSDKOC.xcodeproj */,
				613B5A762967028A007A9619 /* LibraSDKFramework */,
				613B5A822967028B007A9619 /* LibraSDKFrameworkTests */,
				613B5A752967028A007A9619 /* Products */,
				613B5AD029670359007A9619 /* Frameworks */,
				422D5BB1AD02464A3E8CBDD0 /* Pods */,
			);
			sourceTree = "<group>";
		};
		613B5A752967028A007A9619 /* Products */ = {
			isa = PBXGroup;
			children = (
				613B5A742967028A007A9619 /* LibraSDKFramework.framework */,
				613B5A7E2967028B007A9619 /* LibraSDKFrameworkTests.xctest */,
			);
			name = Products;
			sourceTree = "<group>";
		};
		613B5A762967028A007A9619 /* LibraSDKFramework */ = {
			isa = PBXGroup;
			children = (
				613B5A772967028A007A9619 /* LibraSDKFramework.h */,
				613B5A782967028A007A9619 /* LibraSDKFramework.docc */,
				613B5AD529670655007A9619 /* LibraSDKFramework.m */,
			);
			path = LibraSDKFramework;
			sourceTree = "<group>";
		};
		613B5A822967028B007A9619 /* LibraSDKFrameworkTests */ = {
			isa = PBXGroup;
			children = (
				613B5A832967028B007A9619 /* LibraSDKFrameworkTests.m */,
			);
			path = LibraSDKFrameworkTests;
			sourceTree = "<group>";
		};
		613B5AD029670359007A9619 /* Frameworks */ = {
			isa = PBXGroup;
			children = (
				613B5AD12967035A007A9619 /* liblibra_abt_so.dylib */,
				FCE2D25CDF20F4013157CB7F /* Pods_LibraSDKFramework.framework */,
				FD078B893B255C2AFCFC6043 /* Pods_LibraSDKFramework_LibraSDKFrameworkTests.framework */,
			);
			name = Frameworks;
			sourceTree = "<group>";
		};
		613B5B6B2967C869007A9619 /* Products */ = {
			isa = PBXGroup;
			children = (
				613B5B712967C86A007A9619 /* LibraSDKOC.app */,
				613B5B732967C86A007A9619 /* LibraSDKOCTests.xctest */,
				613B5B752967C86A007A9619 /* LibraSDKOCUITests.xctest */,
			);
			name = Products;
			sourceTree = "<group>";
		};
/* End PBXGroup section */

/* Begin PBXHeadersBuildPhase section */
		613B5A6F2967028A007A9619 /* Headers */ = {
			isa = PBXHeadersBuildPhase;
			buildActionMask = 2147483647;
			files = (
				613B5A852967028B007A9619 /* LibraSDKFramework.h in Headers */,
			);
			runOnlyForDeploymentPostprocessing = 0;
		};
/* End PBXHeadersBuildPhase section */

/* Begin PBXNativeTarget section */
		613B5A732967028A007A9619 /* LibraSDKFramework */ = {
			isa = PBXNativeTarget;
			buildConfigurationList = 613B5A882967028B007A9619 /* Build configuration list for PBXNativeTarget "LibraSDKFramework" */;
			buildPhases = (
				AD7541A62D04E61832DC32CF /* [CP] Check Pods Manifest.lock */,
				613B5A6F2967028A007A9619 /* Headers */,
				613B5A702967028A007A9619 /* Sources */,
				613B5A712967028A007A9619 /* Frameworks */,
				613B5A722967028A007A9619 /* Resources */,
			);
			buildRules = (
			);
			dependencies = (
			);
			name = LibraSDKFramework;
			productName = LibraSDKFramework;
			productReference = 613B5A742967028A007A9619 /* LibraSDKFramework.framework */;
			productType = "com.apple.product-type.framework";
		};
		613B5A7D2967028B007A9619 /* LibraSDKFrameworkTests */ = {
			isa = PBXNativeTarget;
			buildConfigurationList = 613B5A8B2967028B007A9619 /* Build configuration list for PBXNativeTarget "LibraSDKFrameworkTests" */;
			buildPhases = (
				81D8B2AC5E983E1E03021254 /* [CP] Check Pods Manifest.lock */,
				613B5A7A2967028B007A9619 /* Sources */,
				613B5A7B2967028B007A9619 /* Frameworks */,
				613B5A7C2967028B007A9619 /* Resources */,
			);
			buildRules = (
			);
			dependencies = (
				613B5A812967028B007A9619 /* PBXTargetDependency */,
			);
			name = LibraSDKFrameworkTests;
			productName = LibraSDKFrameworkTests;
			productReference = 613B5A7E2967028B007A9619 /* LibraSDKFrameworkTests.xctest */;
			productType = "com.apple.product-type.bundle.unit-test";
		};
/* End PBXNativeTarget section */

/* Begin PBXProject section */
		613B5A6B2967028A007A9619 /* Project object */ = {
			isa = PBXProject;
			attributes = {
				BuildIndependentTargetsInParallel = 1;
				LastUpgradeCheck = 1420;
				TargetAttributes = {
					613B5A732967028A007A9619 = {
						CreatedOnToolsVersion = 14.2;
					};
					613B5A7D2967028B007A9619 = {
						CreatedOnToolsVersion = 14.2;
					};
				};
			};
			buildConfigurationList = 613B5A6E2967028A007A9619 /* Build configuration list for PBXProject "LibraSDKFramework" */;
			compatibilityVersion = "Xcode 14.0";
			developmentRegion = en;
			hasScannedForEncodings = 0;
			knownRegions = (
				en,
				Base,
			);
			mainGroup = 613B5A6A2967028A007A9619;
			productRefGroup = 613B5A752967028A007A9619 /* Products */;
			projectDirPath = "";
			projectReferences = (
				{
					ProductGroup = 613B5B6B2967C869007A9619 /* Products */;
					ProjectRef = 613B5B6A2967C869007A9619 /* LibraSDKOC.xcodeproj */;
				},
			);
			projectRoot = "";
			targets = (
				613B5A732967028A007A9619 /* LibraSDKFramework */,
				613B5A7D2967028B007A9619 /* LibraSDKFrameworkTests */,
			);
		};
/* End PBXProject section */

/* Begin PBXReferenceProxy section */
		613B5B712967C86A007A9619 /* LibraSDKOC.app */ = {
			isa = PBXReferenceProxy;
			fileType = wrapper.application;
			path = LibraSDKOC.app;
			remoteRef = 613B5B702967C86A007A9619 /* PBXContainerItemProxy */;
			sourceTree = BUILT_PRODUCTS_DIR;
		};
		613B5B732967C86A007A9619 /* LibraSDKOCTests.xctest */ = {
			isa = PBXReferenceProxy;
			fileType = wrapper.cfbundle;
			path = LibraSDKOCTests.xctest;
			remoteRef = 613B5B722967C86A007A9619 /* PBXContainerItemProxy */;
			sourceTree = BUILT_PRODUCTS_DIR;
		};
		613B5B752967C86A007A9619 /* LibraSDKOCUITests.xctest */ = {
			isa = PBXReferenceProxy;
			fileType = wrapper.cfbundle;
			path = LibraSDKOCUITests.xctest;
			remoteRef = 613B5B742967C86A007A9619 /* PBXContainerItemProxy */;
			sourceTree = BUILT_PRODUCTS_DIR;
		};
/* End PBXReferenceProxy section */

/* Begin PBXResourcesBuildPhase section */
		613B5A722967028A007A9619 /* Resources */ = {
			isa = PBXResourcesBuildPhase;
			buildActionMask = 2147483647;
			files = (
			);
			runOnlyForDeploymentPostprocessing = 0;
		};
		613B5A7C2967028B007A9619 /* Resources */ = {
			isa = PBXResourcesBuildPhase;
			buildActionMask = 2147483647;
			files = (
			);
			runOnlyForDeploymentPostprocessing = 0;
		};
/* End PBXResourcesBuildPhase section */

/* Begin PBXShellScriptBuildPhase section */
		81D8B2AC5E983E1E03021254 /* [CP] Check Pods Manifest.lock */ = {
			isa = PBXShellScriptBuildPhase;
			buildActionMask = 2147483647;
			files = (
			);
			inputFileListPaths = (
			);
			inputPaths = (
				"${PODS_PODFILE_DIR_PATH}/Podfile.lock",
				"${PODS_ROOT}/Manifest.lock",
			);
			name = "[CP] Check Pods Manifest.lock";
			outputFileListPaths = (
			);
			outputPaths = (
				"$(DERIVED_FILE_DIR)/Pods-LibraSDKFramework-LibraSDKFrameworkTests-checkManifestLockResult.txt",
			);
			runOnlyForDeploymentPostprocessing = 0;
			shellPath = /bin/sh;
			shellScript = "diff \"${PODS_PODFILE_DIR_PATH}/Podfile.lock\" \"${PODS_ROOT}/Manifest.lock\" > /dev/null\nif [ $? != 0 ] ; then\n    # print error to STDERR\n    echo \"error: The sandbox is not in sync with the Podfile.lock. Run 'pod install' or update your CocoaPods installation.\" >&2\n    exit 1\nfi\n# This output is used by Xcode 'outputs' to avoid re-running this script phase.\necho \"SUCCESS\" > \"${SCRIPT_OUTPUT_FILE_0}\"\n";
			showEnvVarsInLog = 0;
		};
		AD7541A62D04E61832DC32CF /* [CP] Check Pods Manifest.lock */ = {
			isa = PBXShellScriptBuildPhase;
			buildActionMask = 2147483647;
			files = (
			);
			inputFileListPaths = (
			);
			inputPaths = (
				"${PODS_PODFILE_DIR_PATH}/Podfile.lock",
				"${PODS_ROOT}/Manifest.lock",
			);
			name = "[CP] Check Pods Manifest.lock";
			outputFileListPaths = (
			);
			outputPaths = (
				"$(DERIVED_FILE_DIR)/Pods-LibraSDKFramework-checkManifestLockResult.txt",
			);
			runOnlyForDeploymentPostprocessing = 0;
			shellPath = /bin/sh;
			shellScript = "diff \"${PODS_PODFILE_DIR_PATH}/Podfile.lock\" \"${PODS_ROOT}/Manifest.lock\" > /dev/null\nif [ $? != 0 ] ; then\n    # print error to STDERR\n    echo \"error: The sandbox is not in sync with the Podfile.lock. Run 'pod install' or update your CocoaPods installation.\" >&2\n    exit 1\nfi\n# This output is used by Xcode 'outputs' to avoid re-running this script phase.\necho \"SUCCESS\" > \"${SCRIPT_OUTPUT_FILE_0}\"\n";
			showEnvVarsInLog = 0;
		};
/* End PBXShellScriptBuildPhase section */

/* Begin PBXSourcesBuildPhase section */
		613B5A702967028A007A9619 /* Sources */ = {
			isa = PBXSourcesBuildPhase;
			buildActionMask = 2147483647;
			files = (
				613B5AD629670655007A9619 /* LibraSDKFramework.m in Sources */,
				613B5A792967028A007A9619 /* LibraSDKFramework.docc in Sources */,
			);
			runOnlyForDeploymentPostprocessing = 0;
		};
		613B5A7A2967028B007A9619 /* Sources */ = {
			isa = PBXSourcesBuildPhase;
			buildActionMask = 2147483647;
			files = (
				613B5A842967028B007A9619 /* LibraSDKFrameworkTests.m in Sources */,
			);
			runOnlyForDeploymentPostprocessing = 0;
		};
/* End PBXSourcesBuildPhase section */

/* Begin PBXTargetDependency section */
		613B5A812967028B007A9619 /* PBXTargetDependency */ = {
			isa = PBXTargetDependency;
			target = 613B5A732967028A007A9619 /* LibraSDKFramework */;
			targetProxy = 613B5A802967028B007A9619 /* PBXContainerItemProxy */;
		};
/* End PBXTargetDependency section */

/* Begin XCBuildConfiguration section */
		613B5A862967028B007A9619 /* Debug */ = {
			isa = XCBuildConfiguration;
			buildSettings = {
				ALWAYS_SEARCH_USER_PATHS = NO;
				CLANG_ANALYZER_NONNULL = YES;
				CLANG_ANALYZER_NUMBER_OBJECT_CONVERSION = YES_AGGRESSIVE;
				CLANG_CXX_LANGUAGE_STANDARD = "gnu++20";
				CLANG_ENABLE_MODULES = YES;
				CLANG_ENABLE_OBJC_ARC = YES;
				CLANG_ENABLE_OBJC_WEAK = YES;
				CLANG_WARN_BLOCK_CAPTURE_AUTORELEASING = YES;
				CLANG_WARN_BOOL_CONVERSION = YES;
				CLANG_WARN_COMMA = YES;
				CLANG_WARN_CONSTANT_CONVERSION = YES;
				CLANG_WARN_DEPRECATED_OBJC_IMPLEMENTATIONS = YES;
				CLANG_WARN_DIRECT_OBJC_ISA_USAGE = YES_ERROR;
				CLANG_WARN_DOCUMENTATION_COMMENTS = YES;
				CLANG_WARN_EMPTY_BODY = YES;
				CLANG_WARN_ENUM_CONVERSION = YES;
				CLANG_WARN_INFINITE_RECURSION = YES;
				CLANG_WARN_INT_CONVERSION = YES;
				CLANG_WARN_NON_LITERAL_NULL_CONVERSION = YES;
				CLANG_WARN_OBJC_IMPLICIT_RETAIN_SELF = YES;
				CLANG_WARN_OBJC_LITERAL_CONVERSION = YES;
				CLANG_WARN_OBJC_ROOT_CLASS = YES_ERROR;
				CLANG_WARN_QUOTED_INCLUDE_IN_FRAMEWORK_HEADER = YES;
				CLANG_WARN_RANGE_LOOP_ANALYSIS = YES;
				CLANG_WARN_STRICT_PROTOTYPES = YES;
				CLANG_WARN_SUSPICIOUS_MOVE = YES;
				CLANG_WARN_UNGUARDED_AVAILABILITY = YES_AGGRESSIVE;
				CLANG_WARN_UNREACHABLE_CODE = YES;
				CLANG_WARN__DUPLICATE_METHOD_MATCH = YES;
				COPY_PHASE_STRIP = NO;
				CURRENT_PROJECT_VERSION = 1;
				DEBUG_INFORMATION_FORMAT = dwarf;
				ENABLE_STRICT_OBJC_MSGSEND = YES;
				ENABLE_TESTABILITY = YES;
				GCC_C_LANGUAGE_STANDARD = gnu11;
				GCC_DYNAMIC_NO_PIC = NO;
				GCC_NO_COMMON_BLOCKS = YES;
				GCC_OPTIMIZATION_LEVEL = 0;
				GCC_PREPROCESSOR_DEFINITIONS = (
					"DEBUG=1",
					"$(inherited)",
				);
				GCC_WARN_64_TO_32_BIT_CONVERSION = YES;
				GCC_WARN_ABOUT_RETURN_TYPE = YES_ERROR;
				GCC_WARN_UNDECLARED_SELECTOR = YES;
				GCC_WARN_UNINITIALIZED_AUTOS = YES_AGGRESSIVE;
				GCC_WARN_UNUSED_FUNCTION = YES;
				GCC_WARN_UNUSED_VARIABLE = YES;
				IPHONEOS_DEPLOYMENT_TARGET = 16.2;
				MTL_ENABLE_DEBUG_INFO = INCLUDE_SOURCE;
				MTL_FAST_MATH = YES;
				ONLY_ACTIVE_ARCH = YES;
				SDKROOT = iphoneos;
				VERSIONING_SYSTEM = "apple-generic";
				VERSION_INFO_PREFIX = "";
			};
			name = Debug;
		};
		613B5A872967028B007A9619 /* Release */ = {
			isa = XCBuildConfiguration;
			buildSettings = {
				ALWAYS_SEARCH_USER_PATHS = NO;
				CLANG_ANALYZER_NONNULL = YES;
				CLANG_ANALYZER_NUMBER_OBJECT_CONVERSION = YES_AGGRESSIVE;
				CLANG_CXX_LANGUAGE_STANDARD = "gnu++20";
				CLANG_ENABLE_MODULES = YES;
				CLANG_ENABLE_OBJC_ARC = YES;
				CLANG_ENABLE_OBJC_WEAK = YES;
				CLANG_WARN_BLOCK_CAPTURE_AUTORELEASING = YES;
				CLANG_WARN_BOOL_CONVERSION = YES;
				CLANG_WARN_COMMA = YES;
				CLANG_WARN_CONSTANT_CONVERSION = YES;
				CLANG_WARN_DEPRECATED_OBJC_IMPLEMENTATIONS = YES;
				CLANG_WARN_DIRECT_OBJC_ISA_USAGE = YES_ERROR;
				CLANG_WARN_DOCUMENTATION_COMMENTS = YES;
				CLANG_WARN_EMPTY_BODY = YES;
				CLANG_WARN_ENUM_CONVERSION = YES;
				CLANG_WARN_INFINITE_RECURSION = YES;
				CLANG_WARN_INT_CONVERSION = YES;
				CLANG_WARN_NON_LITERAL_NULL_CONVERSION = YES;
				CLANG_WARN_OBJC_IMPLICIT_RETAIN_SELF = YES;
				CLANG_WARN_OBJC_LITERAL_CONVERSION = YES;
				CLANG_WARN_OBJC_ROOT_CLASS = YES_ERROR;
				CLANG_WARN_QUOTED_INCLUDE_IN_FRAMEWORK_HEADER = YES;
				CLANG_WARN_RANGE_LOOP_ANALYSIS = YES;
				CLANG_WARN_STRICT_PROTOTYPES = YES;
				CLANG_WARN_SUSPICIOUS_MOVE = YES;
				CLANG_WARN_UNGUARDED_AVAILABILITY = YES_AGGRESSIVE;
				CLANG_WARN_UNREACHABLE_CODE = YES;
				CLANG_WARN__DUPLICATE_METHOD_MATCH = YES;
				COPY_PHASE_STRIP = NO;
				CURRENT_PROJECT_VERSION = 1;
				DEBUG_INFORMATION_FORMAT = "dwarf-with-dsym";
				ENABLE_NS_ASSERTIONS = NO;
				ENABLE_STRICT_OBJC_MSGSEND = YES;
				GCC_C_LANGUAGE_STANDARD = gnu11;
				GCC_NO_COMMON_BLOCKS = YES;
				GCC_WARN_64_TO_32_BIT_CONVERSION = YES;
				GCC_WARN_ABOUT_RETURN_TYPE = YES_ERROR;
				GCC_WARN_UNDECLARED_SELECTOR = YES;
				GCC_WARN_UNINITIALIZED_AUTOS = YES_AGGRESSIVE;
				GCC_WARN_UNUSED_FUNCTION = YES;
				GCC_WARN_UNUSED_VARIABLE = YES;
				IPHONEOS_DEPLOYMENT_TARGET = 16.2;
				MTL_ENABLE_DEBUG_INFO = NO;
				MTL_FAST_MATH = YES;
				SDKROOT = iphoneos;
				VALIDATE_PRODUCT = YES;
				VERSIONING_SYSTEM = "apple-generic";
				VERSION_INFO_PREFIX = "";
			};
			name = Release;
		};
		613B5A892967028B007A9619 /* Debug */ = {
			isa = XCBuildConfiguration;
			baseConfigurationReference = C259413AFB4F277A1FC24BF4 /* Pods-LibraSDKFramework.debug.xcconfig */;
			buildSettings = {
				CODE_SIGN_STYLE = Automatic;
				CURRENT_PROJECT_VERSION = 1;
				DEFINES_MODULE = YES;
				DYLIB_COMPATIBILITY_VERSION = 1;
				DYLIB_CURRENT_VERSION = 1;
				DYLIB_INSTALL_NAME_BASE = "@rpath";
				GENERATE_INFOPLIST_FILE = YES;
				INFOPLIST_KEY_NSHumanReadableCopyright = "";
				INSTALL_PATH = "$(LOCAL_LIBRARY_DIR)/Frameworks";
				LD_RUNPATH_SEARCH_PATHS = (
					"$(inherited)",
					"@executable_path/Frameworks",
					"@loader_path/Frameworks",
				);
				MARKETING_VERSION = 1.0;
				PRODUCT_BUNDLE_IDENTIFIER = netease.music.rtrs.LibraSDKFramework;
				PRODUCT_NAME = "$(TARGET_NAME:c99extidentifier)";
				SKIP_INSTALL = YES;
				SWIFT_EMIT_LOC_STRINGS = YES;
				TARGETED_DEVICE_FAMILY = "1,2";
			};
			name = Debug;
		};
		613B5A8A2967028B007A9619 /* Release */ = {
			isa = XCBuildConfiguration;
			baseConfigurationReference = 4033DA6C674AA802094D629C /* Pods-LibraSDKFramework.release.xcconfig */;
			buildSettings = {
				CODE_SIGN_STYLE = Automatic;
				CURRENT_PROJECT_VERSION = 1;
				DEFINES_MODULE = YES;
				DYLIB_COMPATIBILITY_VERSION = 1;
				DYLIB_CURRENT_VERSION = 1;
				DYLIB_INSTALL_NAME_BASE = "@rpath";
				GENERATE_INFOPLIST_FILE = YES;
				INFOPLIST_KEY_NSHumanReadableCopyright = "";
				INSTALL_PATH = "$(LOCAL_LIBRARY_DIR)/Frameworks";
				LD_RUNPATH_SEARCH_PATHS = (
					"$(inherited)",
					"@executable_path/Frameworks",
					"@loader_path/Frameworks",
				);
				MARKETING_VERSION = 1.0;
				PRODUCT_BUNDLE_IDENTIFIER = netease.music.rtrs.LibraSDKFramework;
				PRODUCT_NAME = "$(TARGET_NAME:c99extidentifier)";
				SKIP_INSTALL = YES;
				SWIFT_EMIT_LOC_STRINGS = YES;
				TARGETED_DEVICE_FAMILY = "1,2";
			};
			name = Release;
		};
		613B5A8C2967028B007A9619 /* Debug */ = {
			isa = XCBuildConfiguration;
			baseConfigurationReference = 7C836902A33CE817A18DB1AA /* Pods-LibraSDKFramework-LibraSDKFrameworkTests.debug.xcconfig */;
			buildSettings = {
				CODE_SIGN_STYLE = Automatic;
				CURRENT_PROJECT_VERSION = 1;
				GENERATE_INFOPLIST_FILE = YES;
				MARKETING_VERSION = 1.0;
				PRODUCT_BUNDLE_IDENTIFIER = netease.music.rtrs.LibraSDKFrameworkTests;
				PRODUCT_NAME = "$(TARGET_NAME)";
				SWIFT_EMIT_LOC_STRINGS = NO;
				TARGETED_DEVICE_FAMILY = "1,2";
			};
			name = Debug;
		};
		613B5A8D2967028B007A9619 /* Release */ = {
			isa = XCBuildConfiguration;
			baseConfigurationReference = 82E9D7E1E2F958C9953FACE1 /* Pods-LibraSDKFramework-LibraSDKFrameworkTests.release.xcconfig */;
			buildSettings = {
				CODE_SIGN_STYLE = Automatic;
				CURRENT_PROJECT_VERSION = 1;
				GENERATE_INFOPLIST_FILE = YES;
				MARKETING_VERSION = 1.0;
				PRODUCT_BUNDLE_IDENTIFIER = netease.music.rtrs.LibraSDKFrameworkTests;
				PRODUCT_NAME = "$(TARGET_NAME)";
				SWIFT_EMIT_LOC_STRINGS = NO;
				TARGETED_DEVICE_FAMILY = "1,2";
			};
			name = Release;
		};
/* End XCBuildConfiguration section */

/* Begin XCConfigurationList section */
		613B5A6E2967028A007A9619 /* Build configuration list for PBXProject "LibraSDKFramework" */ = {
			isa = XCConfigurationList;
			buildConfigurations = (
				613B5A862967028B007A9619 /* Debug */,
				613B5A872967028B007A9619 /* Release */,
			);
			defaultConfigurationIsVisible = 0;
			defaultConfigurationName = Release;
		};
		613B5A882967028B007A9619 /* Build configuration list for PBXNativeTarget "LibraSDKFramework" */ = {
			isa = XCConfigurationList;
			buildConfigurations = (
				613B5A892967028B007A9619 /* Debug */,
				613B5A8A2967028B007A9619 /* Release */,
			);
			defaultConfigurationIsVisible = 0;
			defaultConfigurationName = Release;
		};
		613B5A8B2967028B007A9619 /* Build configuration list for PBXNativeTarget "LibraSDKFrameworkTests" */ = {
			isa = XCConfigurationList;
			buildConfigurations = (
				613B5A8C2967028B007A9619 /* Debug */,
				613B5A8D2967028B007A9619 /* Release */,
			);
			defaultConfigurationIsVisible = 0;
			defaultConfigurationName = Release;
		};
/* End XCConfigurationList section */
	};
	rootObject = 613B5A6B2967028A007A9619 /* Project object */;
}
